{
  "name": "codex-app-server",
  "version": "0.1.0",
  "lockfileVersion": 3,
  "requires": true,
  "packages": {
    "": {
      "name": "codex-app-server",
      "version": "0.1.0",
      "license": "MIT",
      "bin": {
        "codex-app-server": "bin/codex-app-server.js"
      },
      "engines": {
        "node": ">=18"
      }
    }
  }
}
